// !$*UTF8*$!
{
	archiveVersion = 1;
	classes = {
	};
	objectVersion = 50;
	objects = {

/* Begin PBXBuildFile section */
		A1C88134230FDE890050D032 /* AppDelegate.m in Sources */ = {isa = PBXBuildFile; fileRef = A1C88133230FDE890050D032 /* AppDelegate.m */; };
		A1C88137230FDE890050D032 /* ViewController.m in Sources */ = {isa = PBXBuildFile; fileRef = A1C88136230FDE890050D032 /* ViewController.m */; };
		A1C8813A230FDE890050D032 /* Main.storyboard in Resources */ = {isa = PBXBuildFile; fileRef = A1C88138230FDE890050D032 /* Main.storyboard */; };
		A1C8813C230FDE8A0050D032 /* Assets.xcassets in Resources */ = {isa = PBXBuildFile; fileRef = A1C8813B230FDE8A0050D032 /* Assets.xcassets */; };
		A1C8813F230FDE8A0050D032 /* LaunchScreen.storyboard in Resources */ = {isa = PBXBuildFile; fileRef = A1C8813D230FDE8A0050D032 /* LaunchScreen.storyboard */; };
		A1C88142230FDE8A0050D032 /* main.m in Sources */ = {isa = PBXBuildFile; fileRef = A1C88141230FDE8A0050D032 /* main.m */; };
		A1C8814A230FDE9D0050D032 /* AACPlayer.m in Sources */ = {isa = PBXBuildFile; fileRef = A1C88149230FDE9D0050D032 /* AACPlayer.m */; };
		A1C88150230FE2D60050D032 /* sintel.aac in Resources */ = {isa = PBXBuildFile; fileRef = A1C8814F230FE2D60050D032 /* sintel.aac */; };
/* End PBXBuildFile section */

/* Begin PBXFileReference section */
		A1C8812F230FDE890050D032 /* ATDecode.app */ = {isa = PBXFileReference; explicitFileType = wrapper.application; includeInIndex = 0; path = ATDecode.app; sourceTree = BUILT_PRODUCTS_DIR; };
		A1C88132230FDE890050D032 /* AppDelegate.h */ = {isa = PBXFileReference; lastKnownFileType = sourcecode.c.h; path = AppDelegate.h; sourceTree = "<group>"; };
		A1C88133230FDE890050D032 /* AppDelegate.m */ = {isa = PBXFileReference; lastKnownFileType = sourcecode.c.objc; path = AppDelegate.m; sourceTree = "<group>"; };
		A1C88135230FDE890050D032 /* ViewController.h */ = {isa = PBXFileReference; lastKnownFileType = sourcecode.c.h; path = ViewController.h; sourceTree = "<group>"; };
		A1C88136230FDE890050D032 /* ViewController.m */ = {isa = PBXFileReference; lastKnownFileType = sourcecode.c.objc; path = ViewController.m; sourceTree = "<group>"; };
		A1C88139230FDE890050D032 /* Base */ = {isa = PBXFileReference; lastKnownFileType = file.storyboard; name = Base; path = Base.lproj/Main.storyboard; sourceTree = "<group>"; };
		A1C8813B230FDE8A0050D032 /* Assets.xcassets */ = {isa = PBXFileReference; lastKnownFileType = folder.assetcatalog; path = Assets.xcassets; sourceTree = "<group>"; };
		A1C8813E230FDE8A0050D032 /* Base */ = {isa = PBXFileReference; lastKnownFileType = file.storyboard; name = Base; path = Base.lproj/LaunchScreen.storyboard; sourceTree = "<group>"; };
		A1C88140230FDE8A0050D032 /* Info.plist */ = {isa = PBXFileReference; lastKnownFileType = text.plist.xml; path = Info.plist; sourceTree = "<group>"; };
		A1C88141230FDE8A0050D032 /* main.m */ = {isa = PBXFileReference; lastKnownFileType = sourcecode.c.objc; path = main.m; sourceTree = "<group>"; };
		A1C88148230FDE9D0050D032 /* AACPlayer.h */ = {isa = PBXFileReference; lastKnownFileType = sourcecode.c.h; path = AACPlayer.h; sourceTree = "<group>"; };
		A1C88149230FDE9D0050D032 /* AACPlayer.m */ = {isa = PBXFileReference; lastKnownFileType = sourcecode.c.objc; path = AACPlayer.m; sourceTree = "<group>"; };
		A1C8814F230FE2D60050D032 /* sintel.aac */ = {isa = PBXFileReference; lastKnownFileType = file; path = sintel.aac; sourceTree = "<group>"; };
/* End PBXFileReference section */

/* Begin PBXFrameworksBuildPhase section */
		A1C8812C230FDE890050D032 /* Frameworks */ = {
			isa = PBXFrameworksBuildPhase;
			buildActionMask = 2147483647;
			files = (
			);
			runOnlyForDeploymentPostprocessing = 0;
		};
/* End PBXFrameworksBuildPhase section */

/* Begin PBXGroup section */
		A1C88126230FDE890050D032 = {
			isa = PBXGroup;
			children = (
				A1C88131230FDE890050D032 /* ATDecode */,
				A1C88130230FDE890050D032 /* Products */,
			);
			sourceTree = "<group>";
		};
		A1C88130230FDE890050D032 /* Products */ = {
			isa = PBXGroup;
			children = (
				A1C8812F230FDE890050D032 /* ATDecode.app */,
			);
			name = Products;
			sourceTree = "<group>";
		};
		A1C88131230FDE890050D032 /* ATDecode */ = {
			isa = PBXGroup;
			children = (
				A1C8814F230FE2D60050D032 /* sintel.aac */,
				A1C88132230FDE890050D032 /* AppDelegate.h */,
				A1C88133230FDE890050D032 /* AppDelegate.m */,
				A1C88135230FDE890050D032 /* ViewController.h */,
				A1C88136230FDE890050D032 /* ViewController.m */,
				A1C88148230FDE9D0050D032 /* AACPlayer.h */,
				A1C88149230FDE9D0050D032 /* AACPlayer.m */,
				A1C88138230FDE890050D032 /* Main.storyboard */,
				A1C8813B230FDE8A0050D032 /* Assets.xcassets */,
				A1C8813D230FDE8A0050D032 /* LaunchScreen.storyboard */,
				A1C88140230FDE8A0050D032 /* Info.plist */,
				A1C88141230FDE8A0050D032 /* main.m */,
			);
			path = ATDecode;
			sourceTree = "<group>";
		};
/* End PBXGroup section */

/* Begin PBXNativeTarget section */
		A1C8812E230FDE890050D032 /* ATDecode */ = {
			isa = PBXNativeTarget;
			buildConfigurationList = A1C88145230FDE8A0050D032 /* Build configuration list for PBXNativeTarget "ATDecode" */;
			buildPhases = (
				A1C8812B230FDE890050D032 /* Sources */,
				A1C8812C230FDE890050D032 /* Frameworks */,
				A1C8812D230FDE890050D032 /* Resources */,
			);
			buildRules = (
			);
			dependencies = (
			);
			name = ATDecode;
			productName = ATDecode;
			productReference = A1C8812F230FDE890050D032 /* ATDecode.app */;
			productType = "com.apple.product-type.application";
		};
/* End PBXNativeTarget section */

/* Begin PBXProject section */
		A1C88127230FDE890050D032 /* Project object */ = {
			isa = PBXProject;
			attributes = {
				LastUpgradeCheck = 1020;
				ORGANIZATIONNAME = zhw;
				TargetAttributes = {
					A1C8812E230FDE890050D032 = {
						CreatedOnToolsVersion = 10.2.1;
					};
				};
			};
			buildConfigurationList = A1C8812A230FDE890050D032 /* Build configuration list for PBXProject "ATDecode" */;
			compatibilityVersion = "Xcode 9.3";
			developmentRegion = en;
			hasScannedForEncodings = 0;
			knownRegions = (
				en,
				Base,
			);
			mainGroup = A1C88126230FDE890050D032;
			productRefGroup = A1C88130230FDE890050D032 /* Products */;
			projectDirPath = "";
			projectRoot = "";
			targets = (
				A1C8812E230FDE890050D032 /* ATDecode */,
			);
		};
/* End PBXProject section */

/* Begin PBXResourcesBuildPhase section */
		A1C8812D230FDE890050D032 /* Resources */ = {
			isa = PBXResourcesBuildPhase;
			buildActionMask = 2147483647;
			files = (
				A1C88150230FE2D60050D032 /* sintel.aac in Resources */,
				A1C8813F230FDE8A0050D032 /* LaunchScreen.storyboard in Resources */,
				A1C8813C230FDE8A0050D032 /* Assets.xcassets in Resources */,
				A1C8813A230FDE890050D032 /* Main.storyboard in Resources */,
			);
			runOnlyForDeploymentPostprocessing = 0;
		};
/* End PBXResourcesBuildPhase section */

/* Begin PBXSourcesBuildPhase section */
		A1C8812B230FDE890050D032 /* Sources */ = {
			isa = PBXSourcesBuildPhase;
			buildActionMask = 2147483647;
			files = (
				A1C8814A230FDE9D0050D032 /* AACPlayer.m in Sources */,
				A1C88137230FDE890050D032 /* ViewController.m in Sources */,
				A1C88142230FDE8A0050D032 /* main.m in Sources */,
				A1C88134230FDE890050D032 /* AppDelegate.m in Sources */,
			);
			runOnlyForDeploymentPostprocessing = 0;
		};
/* End PBXSourcesBuildPhase section */

/* Begin PBXVariantGroup section */
		A1C88138230FDE890050D032 /* Main.storyboard */ = {
			isa = PBXVariantGroup;
			children = (
				A1C88139230FDE890050D032 /* Base */,
			);
			name = Main.storyboard;
			sourceTree = "<group>";
		};
		A1C8813D230FDE8A0050D032 /* LaunchScreen.storyboard */ = {
			isa = PBXVariantGroup;
			children = (
				A1C8813E230FDE8A0050D032 /* Base */,
			);
			name = LaunchScreen.storyboard;
			sourceTree = "<group>";
		};
/* End PBXVariantGroup section */

/* Begin XCBuildConfiguration section */
		A1C88143230FDE8A0050D032 /* Debug */ = {
			isa = XCBuildConfiguration;
			buildSettings = {
				ALWAYS_SEARCH_USER_PATHS = NO;
				CLANG_ANALYZER_NONNULL = YES;
				CLANG_ANALYZER_NUMBER_OBJECT_CONVERSION = YES_AGGRESSIVE;
				CLANG_CXX_LANGUAGE_STANDARD = "gnu++14";
				CLANG_CXX_LIBRARY = "libc++";
				CLANG_ENABLE_MODULES = YES;
				CLANG_ENABLE_OBJC_ARC = YES;
				CLANG_ENABLE_OBJC_WEAK = YES;
				CLANG_WARN_BLOCK_CAPTURE_AUTORELEASING = YES;
				CLANG_WARN_BOOL_CONVERSION = YES;
				CLANG_WARN_COMMA = YES;
				CLANG_WARN_CONSTANT_CONVERSION = YES;
				CLANG_WARN_DEPRECATED_OBJC_IMPLEMENTATIONS = YES;
				CLANG_WARN_DIRECT_OBJC_ISA_USAGE = YES_ERROR;
				CLANG_WARN_DOCUMENTATION_COMMENTS = YES;
				CLANG_WARN_EMPTY_BODY = YES;
				CLANG_WARN_ENUM_CONVERSION = YES;
				CLANG_WARN_INFINITE_RECURSION = YES;
				CLANG_WARN_INT_CONVERSION = YES;
				CLANG_WARN_NON_LITERAL_NULL_CONVERSION = YES;
				CLANG_WARN_OBJC_IMPLICIT_RETAIN_SELF = YES;
				CLANG_WARN_OBJC_LITERAL_CONVERSION = YES;
				CLANG_WARN_OBJC_ROOT_CLASS = YES_ERROR;
				CLANG_WARN_RANGE_LOOP_ANALYSIS = YES;
				CLANG_WARN_STRICT_PROTOTYPES = YES;
				CLANG_WARN_SUSPICIOUS_MOVE = YES;
				CLANG_WARN_UNGUARDED_AVAILABILITY = YES_AGGRESSIVE;
				CLANG_WARN_UNREACHABLE_CODE = YES;
				CLANG_WARN__DUPLICATE_METHOD_MATCH = YES;
				CODE_SIGN_IDENTITY = "iPhone Developer";
				COPY_PHASE_STRIP = NO;
				DEBUG_INFORMATION_FORMAT = dwarf;
				ENABLE_STRICT_OBJC_MSGSEND = YES;
				ENABLE_TESTABILITY = YES;
				GCC_C_LANGUAGE_STANDARD = gnu11;
				GCC_DYNAMIC_NO_PIC = NO;
				GCC_NO_COMMON_BLOCKS = YES;
				GCC_OPTIMIZATION_LEVEL = 0;
				GCC_PREPROCESSOR_DEFINITIONS = (
					"DEBUG=1",
					"$(inherited)",
				);
				GCC_WARN_64_TO_32_BIT_CONVERSION = YES;
				GCC_WARN_ABOUT_RETURN_TYPE = YES_ERROR;
				GCC_WARN_UNDECLARED_SELECTOR = YES;
				GCC_WARN_UNINITIALIZED_AUTOS = YES_AGGRESSIVE;
				GCC_WARN_UNUSED_FUNCTION = YES;
				GCC_WARN_UNUSED_VARIABLE = YES;
				IPHONEOS_DEPLOYMENT_TARGET = 12.2;
				MTL_ENABLE_DEBUG_INFO = INCLUDE_SOURCE;
				MTL_FAST_MATH = YES;
				ONLY_ACTIVE_ARCH = YES;
				SDKROOT = iphoneos;
			};
			name = Debug;
		};
		A1C88144230FDE8A0050D032 /* Release */ = {
			isa = XCBuildConfiguration;
			buildSettings = {
				ALWAYS_SEARCH_USER_PATHS = NO;
				CLANG_ANALYZER_NONNULL = YES;
				CLANG_ANALYZER_NUMBER_OBJECT_CONVERSION = YES_AGGRESSIVE;
				CLANG_CXX_LANGUAGE_STANDARD = "gnu++14";
				CLANG_CXX_LIBRARY = "libc++";
				CLANG_ENABLE_MODULES = YES;
				CLANG_ENABLE_OBJC_ARC = YES;
				CLANG_ENABLE_OBJC_WEAK = YES;
				CLANG_WARN_BLOCK_CAPTURE_AUTORELEASING = YES;
				CLANG_WARN_BOOL_CONVERSION = YES;
				CLANG_WARN_COMMA = YES;
				CLANG_WARN_CONSTANT_CONVERSION = YES;
				CLANG_WARN_DEPRECATED_OBJC_IMPLEMENTATIONS = YES;
				CLANG_WARN_DIRECT_OBJC_ISA_USAGE = YES_ERROR;
				CLANG_WARN_DOCUMENTATION_COMMENTS = YES;
				CLANG_WARN_EMPTY_BODY = YES;
				CLANG_WARN_ENUM_CONVERSION = YES;
				CLANG_WARN_INFINITE_RECURSION = YES;
				CLANG_WARN_INT_CONVERSION = YES;
				CLANG_WARN_NON_LITERAL_NULL_CONVERSION = YES;
				CLANG_WARN_OBJC_IMPLICIT_RETAIN_SELF = YES;
				CLANG_WARN_OBJC_LITERAL_CONVERSION = YES;
				CLANG_WARN_OBJC_ROOT_CLASS = YES_ERROR;
				CLANG_WARN_RANGE_LOOP_ANALYSIS = YES;
				CLANG_WARN_STRICT_PROTOTYPES = YES;
				CLANG_WARN_SUSPICIOUS_MOVE = YES;
				CLANG_WARN_UNGUARDED_AVAILABILITY = YES_AGGRESSIVE;
				CLANG_WARN_UNREACHABLE_CODE = YES;
				CLANG_WARN__DUPLICATE_METHOD_MATCH = YES;
				CODE_SIGN_IDENTITY = "iPhone Developer";
				COPY_PHASE_STRIP = NO;
				DEBUG_INFORMATION_FORMAT = "dwarf-with-dsym";
				ENABLE_NS_ASSERTIONS = NO;
				ENABLE_STRICT_OBJC_MSGSEND = YES;
				GCC_C_LANGUAGE_STANDARD = gnu11;
				GCC_NO_COMMON_BLOCKS = YES;
				GCC_WARN_64_TO_32_BIT_CONVERSION = YES;
				GCC_WARN_ABOUT_RETURN_TYPE = YES_ERROR;
				GCC_WARN_UNDECLARED_SELECTOR = YES;
				GCC_WARN_UNINITIALIZED_AUTOS = YES_AGGRESSIVE;
				GCC_WARN_UNUSED_FUNCTION = YES;
				GCC_WARN_UNUSED_VARIABLE = YES;
				IPHONEOS_DEPLOYMENT_TARGET = 12.2;
				MTL_ENABLE_DEBUG_INFO = NO;
				MTL_FAST_MATH = YES;
				SDKROOT = iphoneos;
				VALIDATE_PRODUCT = YES;
			};
			name = Release;
		};
		A1C88146230FDE8A0050D032 /* Debug */ = {
			isa = XCBuildConfiguration;
			buildSettings = {
				ASSETCATALOG_COMPILER_APPICON_NAME = AppIcon;
				CODE_SIGN_STYLE = Automatic;
				INFOPLIST_FILE = ATDecode/Info.plist;
				IPHONEOS_DEPLOYMENT_TARGET = 9.0;
				LD_RUNPATH_SEARCH_PATHS = (
					"$(inherited)",
					"@executable_path/Frameworks",
				);
				PRODUCT_BUNDLE_IDENTIFIER = com.zhw.ATDecode;
				PRODUCT_NAME = "$(TARGET_NAME)";
				TARGETED_DEVICE_FAMILY = "1,2";
			};
			name = Debug;
		};
		A1C88147230FDE8A0050D032 /* Release */ = {
			isa = XCBuildConfiguration;
			buildSettings = {
				ASSETCATALOG_COMPILER_APPICON_NAME = AppIcon;
				CODE_SIGN_STYLE = Automatic;
				INFOPLIST_FILE = ATDecode/Info.plist;
				IPHONEOS_DEPLOYMENT_TARGET = 9.0;
				LD_RUNPATH_SEARCH_PATHS = (
					"$(inherited)",
					"@executable_path/Frameworks",
				);
				PRODUCT_BUNDLE_IDENTIFIER = com.zhw.ATDecode;
				PRODUCT_NAME = "$(TARGET_NAME)";
				TARGETED_DEVICE_FAMILY = "1,2";
			};
			name = Release;
		};
/* End XCBuildConfiguration section */

/* Begin XCConfigurationList section */
		A1C8812A230FDE890050D032 /* Build configuration list for PBXProject "ATDecode" */ = {
			isa = XCConfigurationList;
			buildConfigurations = (
				A1C88143230FDE8A0050D032 /* Debug */,
				A1C88144230FDE8A0050D032 /* Release */,
			);
			defaultConfigurationIsVisible = 0;
			defaultConfigurationName = Release;
		};
		A1C88145230FDE8A0050D032 /* Build configuration list for PBXNativeTarget "ATDecode" */ = {
			isa = XCConfigurationList;
			buildConfigurations = (
				A1C88146230FDE8A0050D032 /* Debug */,
				A1C88147230FDE8A0050D032 /* Release */,
			);
			defaultConfigurationIsVisible = 0;
			defaultConfigurationName = Release;
		};
/* End XCConfigurationList section */
	};
	rootObject = A1C88127230FDE890050D032 /* Project object */;
}
